
Microsoft Visual Studio Solution File, Format Version 12.00
# Visual Studio Version 16
VisualStudioVersion = 16.0.29519.87
MinimumVisualStudioVersion = 10.0.40219.1
Project("{FAE04EC0-301F-11D3-BF4B-00C04F79EFBC}") = "DataAccessLayer", "DataAccessLayer\DataAccessLayer.csproj", "{CF225EC2-9C40-4D9C-97F6-231A8BFDA83E}"
EndProject
Project("{FAE04EC0-301F-11D3-BF4B-00C04F79EFBC}") = "ConsoleTester", "ConsoleTester\ConsoleTester.csproj", "{8B500F1D-F8C3-4BA3-8EE5-711D41BB2825}"
EndProject
Project("{FAE04EC0-301F-11D3-BF4B-00C04F79EFBC}") = "PresentationLayer", "MainForm\PresentationLayer.csproj", "{7EE384A7-F5D4-4E28-BF57-E6FBC34387D3}"
EndProject
Global
	GlobalSection(SolutionConfigurationPlatforms) = preSolution
		Debug|Any CPU = Debug|Any CPU
		Release|Any CPU = Release|Any CPU
	EndGlobalSection
	GlobalSection(ProjectConfigurationPlatforms) = postSolution
		{CF225EC2-9C40-4D9C-97F6-231A8BFDA83E}.Debug|Any CPU.ActiveCfg = Debug|Any CPU
		{CF225EC2-9C40-4D9C-97F6-231A8BFDA83E}.Debug|Any CPU.Build.0 = Debug|Any CPU
		{CF225EC2-9C40-4D9C-97F6-231A8BFDA83E}.Release|Any CPU.ActiveCfg = Release|Any CPU
		{CF225EC2-9C40-4D9C-97F6-231A8BFDA83E}.Release|Any CPU.Build.0 = Release|Any CPU
		{8B500F1D-F8C3-4BA3-8EE5-711D41BB2825}.Debug|Any CPU.ActiveCfg = Debug|Any CPU
		{8B500F1D-F8C3-4BA3-8EE5-711D41BB2825}.Debug|Any CPU.Build.0 = Debug|Any CPU
		{8B500F1D-F8C3-4BA3-8EE5-711D41BB2825}.Release|Any CPU.ActiveCfg = Release|Any CPU
		{8B500F1D-F8C3-4BA3-8EE5-711D41BB2825}.Release|Any CPU.Build.0 = Release|Any CPU
		{7EE384A7-F5D4-4E28-BF57-E6FBC34387D3}.Debug|Any CPU.ActiveCfg = Debug|Any CPU
		{7EE384A7-F5D4-4E28-BF57-E6FBC34387D3}.Debug|Any CPU.Build.0 = Debug|Any CPU
		{7EE384A7-F5D4-4E28-BF57-E6FBC34387D3}.Release|Any CPU.ActiveCfg = Release|Any CPU
		{7EE384A7-F5D4-4E28-BF57-E6FBC34387D3}.Release|Any CPU.Build.0 = Release|Any CPU
	EndGlobalSection
	GlobalSection(SolutionProperties) = preSolution
		HideSolutionNode = FALSE
	EndGlobalSection
	GlobalSection(ExtensibilityGlobals) = postSolution
		SolutionGuid = {0EE2DE2F-F713-473B-A398-DD3DC1238674}
	EndGlobalSection
EndGlobal
